
Microsoft Visual Studio Solution File, Format Version 12.00
# Visual Studio 15
VisualStudioVersion = 15.0.28307.168
MinimumVisualStudioVersion = 10.0.40219.1
Project("{FAE04EC0-301F-11D3-BF4B-00C04F79EFBC}") = "Schools.Console", "Schools.Console\Schools.Console.csproj", "{A4CAB811-73FD-472F-8F91-B441D602A09D}"
EndProject
Project("{FAE04EC0-301F-11D3-BF4B-00C04F79EFBC}") = "Schools.Services", "Schools.Services\Schools.Services.csproj", "{9CDEE04A-28C7-42B5-946E-64DDA4515B5B}"
EndProject
Project("{FAE04EC0-301F-11D3-BF4B-00C04F79EFBC}") = "Schools.App", "Schools.App\Schools.App.csproj", "{4EC1B62C-F1E9-4F36-AC46-82107EAED92F}"
EndProject
Global
	GlobalSection(SolutionConfigurationPlatforms) = preSolution
		Debug|Any CPU = Debug|Any CPU
		Release|Any CPU = Release|Any CPU
	EndGlobalSection
	GlobalSection(ProjectConfigurationPlatforms) = postSolution
		{A4CAB811-73FD-472F-8F91-B441D602A09D}.Debug|Any CPU.ActiveCfg = Debug|Any CPU
		{A4CAB811-73FD-472F-8F91-B441D602A09D}.Debug|Any CPU.Build.0 = Debug|Any CPU
		{A4CAB811-73FD-472F-8F91-B441D602A09D}.Release|Any CPU.ActiveCfg = Release|Any CPU
		{A4CAB811-73FD-472F-8F91-B441D602A09D}.Release|Any CPU.Build.0 = Release|Any CPU
		{9CDEE04A-28C7-42B5-946E-64DDA4515B5B}.Debug|Any CPU.ActiveCfg = Debug|Any CPU
		{9CDEE04A-28C7-42B5-946E-64DDA4515B5B}.Debug|Any CPU.Build.0 = Debug|Any CPU
		{9CDEE04A-28C7-42B5-946E-64DDA4515B5B}.Release|Any CPU.ActiveCfg = Release|Any CPU
		{9CDEE04A-28C7-42B5-946E-64DDA4515B5B}.Release|Any CPU.Build.0 = Release|Any CPU
		{4EC1B62C-F1E9-4F36-AC46-82107EAED92F}.Debug|Any CPU.ActiveCfg = Debug|Any CPU
		{4EC1B62C-F1E9-4F36-AC46-82107EAED92F}.Debug|Any CPU.Build.0 = Debug|Any CPU
		{4EC1B62C-F1E9-4F36-AC46-82107EAED92F}.Release|Any CPU.ActiveCfg = Release|Any CPU
		{4EC1B62C-F1E9-4F36-AC46-82107EAED92F}.Release|Any CPU.Build.0 = Release|Any CPU
	EndGlobalSection
	GlobalSection(SolutionProperties) = preSolution
		HideSolutionNode = FALSE
	EndGlobalSection
	GlobalSection(ExtensibilityGlobals) = postSolution
		SolutionGuid = {BAE0EF96-4C47-417A-9098-EBE631363939}
	EndGlobalSection
EndGlobal
